
Microsoft Visual Studio Solution File, Format Version 12.00
# Visual Studio Version 16
VisualStudioVersion = 16.0.29613.14
MinimumVisualStudioVersion = 15.0.26124.0
Project("{9A19103F-16F7-4668-BE54-9A1E7A4F7556}") = "WixVSExtensions", "WixVSExtensions\WixVSExtensions.csproj", "{A1CEF4A3-9ED5-4709-A15E-6B7C0EE5694F}"
EndProject
Global
	GlobalSection(SolutionConfigurationPlatforms) = preSolution
		Debug|Any CPU = Debug|Any CPU
		Debug|x64 = Debug|x64
		Debug|x86 = Debug|x86
		Release|Any CPU = Release|Any CPU
		Release|x64 = Release|x64
		Release|x86 = Release|x86
	EndGlobalSection
	GlobalSection(ProjectConfigurationPlatforms) = postSolution
		{A1CEF4A3-9ED5-4709-A15E-6B7C0EE5694F}.Debug|Any CPU.ActiveCfg = Debug|Any CPU
		{A1CEF4A3-9ED5-4709-A15E-6B7C0EE5694F}.Debug|Any CPU.Build.0 = Debug|Any CPU
		{A1CEF4A3-9ED5-4709-A15E-6B7C0EE5694F}.Debug|x64.ActiveCfg = Debug|Any CPU
		{A1CEF4A3-9ED5-4709-A15E-6B7C0EE5694F}.Debug|x64.Build.0 = Debug|Any CPU
		{A1CEF4A3-9ED5-4709-A15E-6B7C0EE5694F}.Debug|x86.ActiveCfg = Debug|Any CPU
		{A1CEF4A3-9ED5-4709-A15E-6B7C0EE5694F}.Debug|x86.Build.0 = Debug|Any CPU
		{A1CEF4A3-9ED5-4709-A15E-6B7C0EE5694F}.Release|Any CPU.ActiveCfg = Release|Any CPU
		{A1CEF4A3-9ED5-4709-A15E-6B7C0EE5694F}.Release|Any CPU.Build.0 = Release|Any CPU
		{A1CEF4A3-9ED5-4709-A15E-6B7C0EE5694F}.Release|x64.ActiveCfg = Release|Any CPU
		{A1CEF4A3-9ED5-4709-A15E-6B7C0EE5694F}.Release|x64.Build.0 = Release|Any CPU
		{A1CEF4A3-9ED5-4709-A15E-6B7C0EE5694F}.Release|x86.ActiveCfg = Release|Any CPU
		{A1CEF4A3-9ED5-4709-A15E-6B7C0EE5694F}.Release|x86.Build.0 = Release|Any CPU
	EndGlobalSection
	GlobalSection(SolutionProperties) = preSolution
		HideSolutionNode = FALSE
	EndGlobalSection
	GlobalSection(ExtensibilityGlobals) = postSolution
		SolutionGuid = {41D38D00-6362-43EE-BC9A-E6CE7FD071A8}
	EndGlobalSection
EndGlobal
